
Microsoft Visual Studio Solution File, Format Version 12.00
# Visual Studio Version 16
VisualStudioVersion = 16.0.31019.35
MinimumVisualStudioVersion = 10.0.40219.1
Project("{FAE04EC0-301F-11D3-BF4B-00C04F79EFBC}") = "c sharp c1", "c sharp c1.csproj", "{4F35434A-73B0-4309-81E9-4504E527665E}"
EndProject
Global
	GlobalSection(SolutionConfigurationPlatforms) = preSolution
		Debug|Any CPU = Debug|Any CPU
		Release|Any CPU = Release|Any CPU
	EndGlobalSection
	GlobalSection(ProjectConfigurationPlatforms) = postSolution
		{4F35434A-73B0-4309-81E9-4504E527665E}.Debug|Any CPU.ActiveCfg = Debug|Any CPU
		{4F35434A-73B0-4309-81E9-4504E527665E}.Debug|Any CPU.Build.0 = Debug|Any CPU
		{4F35434A-73B0-4309-81E9-4504E527665E}.Release|Any CPU.ActiveCfg = Release|Any CPU
		{4F35434A-73B0-4309-81E9-4504E527665E}.Release|Any CPU.Build.0 = Release|Any CPU
	EndGlobalSection
	GlobalSection(SolutionProperties) = preSolution
		HideSolutionNode = FALSE
	EndGlobalSection
	GlobalSection(ExtensibilityGlobals) = postSolution
		SolutionGuid = {379A325B-95D3-4923-8BA1-E03808926AC2}
	EndGlobalSection
EndGlobal
